// !$*UTF8*$!
{
	archiveVersion = 1;
	classes = {
	};
	objectVersion = 45;
	objects = {

/* Begin PBXBuildFile section */
		45E3E1350DFF468500B54350 /* main.cpp in Sources */ = {isa = PBXBuildFile; fileRef = 45E3E1340DFF468500B54350 /* main.cpp */; };
		45E3E14E0DFF475300B54350 /* qBuffer.cpp in Sources */ = {isa = PBXBuildFile; fileRef = 45E3E14D0DFF475300B54350 /* qBuffer.cpp */; };
		45E3E1570DFF480D00B54350 /* qBufferPool.cpp in Sources */ = {isa = PBXBuildFile; fileRef = 45E3E1550DFF480D00B54350 /* qBufferPool.cpp */; };
		45E3E15B0DFF483300B54350 /* qLogger.cpp in Sources */ = {isa = PBXBuildFile; fileRef = 45E3E15A0DFF483300B54350 /* qLogger.cpp */; };
		45E3E1C50DFF968A00B54350 /* libboost_thread-mt-1_35.dylib in Frameworks */ = {isa = PBXBuildFile; fileRef = 45E3E1C40DFF968A00B54350 /* libboost_thread-mt-1_35.dylib */; };
		45E3E22A0DFFA0A400B54350 /* qTestBufferPool.cpp in Sources */ = {isa = PBXBuildFile; fileRef = 45E3E2280DFFA0A400B54350 /* qTestBufferPool.cpp */; };
		45E3E2300DFFA14B00B54350 /* qTestReaderWriter.cpp in Sources */ = {isa = PBXBuildFile; fileRef = 45E3E22F0DFFA14B00B54350 /* qTestReaderWriter.cpp */; };
		8DD76F6A0486A84900D96B5E /* QwaqVMTests.1 in CopyFiles */ = {isa = PBXBuildFile; fileRef = C6859E8B029090EE04C91782 /* QwaqVMTests.1 */; };
/* End PBXBuildFile section */

/* Begin PBXCopyFilesBuildPhase section */
		8DD76F690486A84900D96B5E /* CopyFiles */ = {
			isa = PBXCopyFilesBuildPhase;
			buildActionMask = 8;
			dstPath = /usr/share/man/man1/;
			dstSubfolderSpec = 0;
			files = (
				8DD76F6A0486A84900D96B5E /* QwaqVMTests.1 in CopyFiles */,
			);
			runOnlyForDeploymentPostprocessing = 1;
		};
/* End PBXCopyFilesBuildPhase section */

/* Begin PBXFileReference section */
		45E3E1340DFF468500B54350 /* main.cpp */ = {isa = PBXFileReference; fileEncoding = 4; lastKnownFileType = sourcecode.cpp.cpp; name = main.cpp; path = ../../../platforms/Cross/plugins/QwaqLibTests/main.cpp; sourceTree = SOURCE_ROOT; };
		45E3E14C0DFF475300B54350 /* qBuffer.h */ = {isa = PBXFileReference; fileEncoding = 4; lastKnownFileType = sourcecode.c.h; name = qBuffer.h; path = ../../../platforms/Cross/plugins/QwaqLib/qBuffer.h; sourceTree = SOURCE_ROOT; };
		45E3E14D0DFF475300B54350 /* qBuffer.cpp */ = {isa = PBXFileReference; fileEncoding = 4; lastKnownFileType = sourcecode.cpp.cpp; name = qBuffer.cpp; path = ../../../platforms/Cross/plugins/QwaqLib/qBuffer.cpp; sourceTree = SOURCE_ROOT; };
		45E3E1540DFF480D00B54350 /* qBufferPool.h */ = {isa = PBXFileReference; fileEncoding = 4; lastKnownFileType = sourcecode.c.h; name = qBufferPool.h; path = ../../../platforms/Cross/plugins/QwaqLib/qBufferPool.h; sourceTree = SOURCE_ROOT; };
		45E3E1550DFF480D00B54350 /* qBufferPool.cpp */ = {isa = PBXFileReference; fileEncoding = 4; lastKnownFileType = sourcecode.cpp.cpp; name = qBufferPool.cpp; path = ../../../platforms/Cross/plugins/QwaqLib/qBufferPool.cpp; sourceTree = SOURCE_ROOT; };
		45E3E1590DFF483300B54350 /* qLogger.h */ = {isa = PBXFileReference; fileEncoding = 4; lastKnownFileType = sourcecode.c.h; name = qLogger.h; path = ../../../platforms/Cross/plugins/QwaqLib/qLogger.h; sourceTree = SOURCE_ROOT; };
		45E3E15A0DFF483300B54350 /* qLogger.cpp */ = {isa = PBXFileReference; fileEncoding = 4; lastKnownFileType = sourcecode.cpp.cpp; name = qLogger.cpp; path = ../../../platforms/Cross/plugins/QwaqLib/qLogger.cpp; sourceTree = SOURCE_ROOT; };
		45E3E1C40DFF968A00B54350 /* libboost_thread-mt-1_35.dylib */ = {isa = PBXFileReference; lastKnownFileType = "compiled.mach-o.dylib"; name = "libboost_thread-mt-1_35.dylib"; path = "../../third-party/qwaq-boost/lib/libboost_thread-mt-1_35.dylib"; sourceTree = SOURCE_ROOT; };
		45E3E2280DFFA0A400B54350 /* qTestBufferPool.cpp */ = {isa = PBXFileReference; fileEncoding = 4; lastKnownFileType = sourcecode.cpp.cpp; name = qTestBufferPool.cpp; path = ../../../platforms/Cross/plugins/QwaqLibTests/qTestBufferPool.cpp; sourceTree = SOURCE_ROOT; };
		45E3E2290DFFA0A400B54350 /* qTestBufferPool.h */ = {isa = PBXFileReference; fileEncoding = 4; lastKnownFileType = sourcecode.c.h; name = qTestBufferPool.h; path = ../../../platforms/Cross/plugins/QwaqLibTests/qTestBufferPool.h; sourceTree = SOURCE_ROOT; };
		45E3E22E0DFFA14B00B54350 /* qTestReaderWriter.h */ = {isa = PBXFileReference; fileEncoding = 4; lastKnownFileType = sourcecode.c.h; name = qTestReaderWriter.h; path = ../../../platforms/Cross/plugins/QwaqLibTests/qTestReaderWriter.h; sourceTree = SOURCE_ROOT; };
		45E3E22F0DFFA14B00B54350 /* qTestReaderWriter.cpp */ = {isa = PBXFileReference; fileEncoding = 4; lastKnownFileType = sourcecode.cpp.cpp; name = qTestReaderWriter.cpp; path = ../../../platforms/Cross/plugins/QwaqLibTests/qTestReaderWriter.cpp; sourceTree = SOURCE_ROOT; };
		8DD76F6C0486A84900D96B5E /* QwaqVMTests */ = {isa = PBXFileReference; explicitFileType = "compiled.mach-o.executable"; includeInIndex = 0; path = QwaqVMTests; sourceTree = BUILT_PRODUCTS_DIR; };
		C6859E8B029090EE04C91782 /* QwaqVMTests.1 */ = {isa = PBXFileReference; lastKnownFileType = text.man; path = QwaqVMTests.1; sourceTree = "<group>"; };
/* End PBXFileReference section */

/* Begin PBXFrameworksBuildPhase section */
		8DD76F660486A84900D96B5E /* Frameworks */ = {
			isa = PBXFrameworksBuildPhase;
			buildActionMask = 2147483647;
			files = (
				45E3E1C50DFF968A00B54350 /* libboost_thread-mt-1_35.dylib in Frameworks */,
			);
			runOnlyForDeploymentPostprocessing = 0;
		};
/* End PBXFrameworksBuildPhase section */

/* Begin PBXGroup section */
		08FB7794FE84155DC02AAC07 /* QwaqVMTests */ = {
			isa = PBXGroup;
			children = (
				45E3E1C60DFF969200B54350 /* Libraries */,
				08FB7795FE84155DC02AAC07 /* Source */,
				C6859E8C029090F304C91782 /* Documentation */,
				1AB674ADFE9D54B511CA2CBB /* Products */,
			);
			name = QwaqVMTests;
			sourceTree = "<group>";
		};
		08FB7795FE84155DC02AAC07 /* Source */ = {
			isa = PBXGroup;
			children = (
				45E3E22D0DFFA0FC00B54350 /* QwaqLibTests */,
				45E3E22C0DFFA0E500B54350 /* QwaqLib */,
			);
			name = Source;
			sourceTree = "<group>";
		};
		1AB674ADFE9D54B511CA2CBB /* Products */ = {
			isa = PBXGroup;
			children = (
				8DD76F6C0486A84900D96B5E /* QwaqVMTests */,
			);
			name = Products;
			sourceTree = "<group>";
		};
		45E3E1C60DFF969200B54350 /* Libraries */ = {
			isa = PBXGroup;
			children = (
				45E3E1C40DFF968A00B54350 /* libboost_thread-mt-1_35.dylib */,
			);
			name = Libraries;
			sourceTree = "<group>";
		};
		45E3E22C0DFFA0E500B54350 /* QwaqLib */ = {
			isa = PBXGroup;
			children = (
				45E3E1590DFF483300B54350 /* qLogger.h */,
				45E3E15A0DFF483300B54350 /* qLogger.cpp */,
				45E3E1540DFF480D00B54350 /* qBufferPool.h */,
				45E3E1550DFF480D00B54350 /* qBufferPool.cpp */,
				45E3E14C0DFF475300B54350 /* qBuffer.h */,
				45E3E14D0DFF475300B54350 /* qBuffer.cpp */,
			);
			name = QwaqLib;
			sourceTree = "<group>";
		};
		45E3E22D0DFFA0FC00B54350 /* QwaqLibTests */ = {
			isa = PBXGroup;
			children = (
				45E3E2280DFFA0A400B54350 /* qTestBufferPool.cpp */,
				45E3E2290DFFA0A400B54350 /* qTestBufferPool.h */,
				45E3E1340DFF468500B54350 /* main.cpp */,
				45E3E22E0DFFA14B00B54350 /* qTestReaderWriter.h */,
				45E3E22F0DFFA14B00B54350 /* qTestReaderWriter.cpp */,
			);
			name = QwaqLibTests;
			sourceTree = "<group>";
		};
		C6859E8C029090F304C91782 /* Documentation */ = {
			isa = PBXGroup;
			children = (
				C6859E8B029090EE04C91782 /* QwaqVMTests.1 */,
			);
			name = Documentation;
			sourceTree = "<group>";
		};
/* End PBXGroup section */

/* Begin PBXNativeTarget section */
		8DD76F620486A84900D96B5E /* QwaqVMTests */ = {
			isa = PBXNativeTarget;
			buildConfigurationList = 1DEB923108733DC60010E9CD /* Build configuration list for PBXNativeTarget "QwaqVMTests" */;
			buildPhases = (
				8DD76F640486A84900D96B5E /* Sources */,
				8DD76F660486A84900D96B5E /* Frameworks */,
				8DD76F690486A84900D96B5E /* CopyFiles */,
			);
			buildRules = (
			);
			dependencies = (
			);
			name = QwaqVMTests;
			productInstallPath = "$(HOME)/bin";
			productName = QwaqVMTests;
			productReference = 8DD76F6C0486A84900D96B5E /* QwaqVMTests */;
			productType = "com.apple.product-type.tool";
		};
/* End PBXNativeTarget section */

/* Begin PBXProject section */
		08FB7793FE84155DC02AAC07 /* Project object */ = {
			isa = PBXProject;
			buildConfigurationList = 1DEB923508733DC60010E9CD /* Build configuration list for PBXProject "QwaqVMTests" */;
			compatibilityVersion = "Xcode 3.1";
			hasScannedForEncodings = 1;
			mainGroup = 08FB7794FE84155DC02AAC07 /* QwaqVMTests */;
			projectDirPath = "";
			projectRoot = "";
			targets = (
				8DD76F620486A84900D96B5E /* QwaqVMTests */,
			);
		};
/* End PBXProject section */

/* Begin PBXSourcesBuildPhase section */
		8DD76F640486A84900D96B5E /* Sources */ = {
			isa = PBXSourcesBuildPhase;
			buildActionMask = 2147483647;
			files = (
				45E3E1350DFF468500B54350 /* main.cpp in Sources */,
				45E3E14E0DFF475300B54350 /* qBuffer.cpp in Sources */,
				45E3E1570DFF480D00B54350 /* qBufferPool.cpp in Sources */,
				45E3E15B0DFF483300B54350 /* qLogger.cpp in Sources */,
				45E3E22A0DFFA0A400B54350 /* qTestBufferPool.cpp in Sources */,
				45E3E2300DFFA14B00B54350 /* qTestReaderWriter.cpp in Sources */,
			);
			runOnlyForDeploymentPostprocessing = 0;
		};
/* End PBXSourcesBuildPhase section */

/* Begin XCBuildConfiguration section */
		1DEB923208733DC60010E9CD /* Debug */ = {
			isa = XCBuildConfiguration;
			buildSettings = {
				ALWAYS_SEARCH_USER_PATHS = NO;
				COPY_PHASE_STRIP = NO;
				GCC_DYNAMIC_NO_PIC = NO;
				GCC_ENABLE_FIX_AND_CONTINUE = YES;
				GCC_OPTIMIZATION_LEVEL = 0;
				INSTALL_PATH = /usr/local/bin;
				LIBRARY_SEARCH_PATHS = (
					"$(inherited)",
					"\"$(SRCROOT)/../../third-party/qwaq-boost/lib\"",
				);
				PRODUCT_NAME = QwaqVMTests;
			};
			name = Debug;
		};
		1DEB923308733DC60010E9CD /* Release */ = {
			isa = XCBuildConfiguration;
			buildSettings = {
				ALWAYS_SEARCH_USER_PATHS = NO;
				INSTALL_PATH = /usr/local/bin;
				LIBRARY_SEARCH_PATHS = (
					"$(inherited)",
					"\"$(SRCROOT)/../../third-party/qwaq-boost/lib\"",
				);
				PRODUCT_NAME = QwaqVMTests;
			};
			name = Release;
		};
		1DEB923608733DC60010E9CD /* Debug */ = {
			isa = XCBuildConfiguration;
			buildSettings = {
				ARCHS = i386;
				GCC_C_LANGUAGE_STANDARD = c99;
				GCC_OPTIMIZATION_LEVEL = 0;
				GCC_WARN_ABOUT_RETURN_TYPE = YES;
				GCC_WARN_UNUSED_VARIABLE = YES;
				HEADER_SEARCH_PATHS = "../../third-party/qwaq-boost/";
				ONLY_ACTIVE_ARCH = YES;
				PREBINDING = NO;
				SDKROOT = macosx10.5;
			};
			name = Debug;
		};
		1DEB923708733DC60010E9CD /* Release */ = {
			isa = XCBuildConfiguration;
			buildSettings = {
				ARCHS = i386;
				GCC_C_LANGUAGE_STANDARD = c99;
				GCC_WARN_ABOUT_RETURN_TYPE = YES;
				GCC_WARN_UNUSED_VARIABLE = YES;
				HEADER_SEARCH_PATHS = "../../third-party/qwaq-boost/";
				PREBINDING = NO;
				SDKROOT = macosx10.5;
			};
			name = Release;
		};
/* End XCBuildConfiguration section */

/* Begin XCConfigurationList section */
		1DEB923108733DC60010E9CD /* Build configuration list for PBXNativeTarget "QwaqVMTests" */ = {
			isa = XCConfigurationList;
			buildConfigurations = (
				1DEB923208733DC60010E9CD /* Debug */,
				1DEB923308733DC60010E9CD /* Release */,
			);
			defaultConfigurationIsVisible = 0;
			defaultConfigurationName = Release;
		};
		1DEB923508733DC60010E9CD /* Build configuration list for PBXProject "QwaqVMTests" */ = {
			isa = XCConfigurationList;
			buildConfigurations = (
				1DEB923608733DC60010E9CD /* Debug */,
				1DEB923708733DC60010E9CD /* Release */,
			);
			defaultConfigurationIsVisible = 0;
			defaultConfigurationName = Release;
		};
/* End XCConfigurationList section */
	};
	rootObject = 08FB7793FE84155DC02AAC07 /* Project object */;
}
