Microsoft Visual Studio Solution File, Format Version 9.00
# Visual Studio 2005
Project("{8BC9CEB8-8B4A-11D0-8D11-00A0C91BC942}") = "dshowlib", "dshowlib\dshowlib.vcproj", "{E5950494-2A8D-4E4E-9F0F-D4B5E0535E8D}"
EndProject
Project("{8BC9CEB8-8B4A-11D0-8D11-00A0C91BC942}") = "DShowDecoderPlugin", "DShowDecoderPlugin\DShowDecoderPlugin.vcproj", "{8D0622F8-EE59-44CF-A40D-1A4ABD3AB26F}"
EndProject
Global
	GlobalSection(SolutionConfigurationPlatforms) = preSolution
		Debug|Win32 = Debug|Win32
		Release|Win32 = Release|Win32
	EndGlobalSection
	GlobalSection(ProjectConfigurationPlatforms) = postSolution
		{E5950494-2A8D-4E4E-9F0F-D4B5E0535E8D}.Debug|Win32.ActiveCfg = Debug|Win32
		{E5950494-2A8D-4E4E-9F0F-D4B5E0535E8D}.Debug|Win32.Build.0 = Debug|Win32
		{E5950494-2A8D-4E4E-9F0F-D4B5E0535E8D}.Release|Win32.ActiveCfg = Release|Win32
		{E5950494-2A8D-4E4E-9F0F-D4B5E0535E8D}.Release|Win32.Build.0 = Release|Win32
		{8D0622F8-EE59-44CF-A40D-1A4ABD3AB26F}.Debug|Win32.ActiveCfg = Debug|Win32
		{8D0622F8-EE59-44CF-A40D-1A4ABD3AB26F}.Debug|Win32.Build.0 = Debug|Win32
		{8D0622F8-EE59-44CF-A40D-1A4ABD3AB26F}.Release|Win32.ActiveCfg = Release|Win32
		{8D0622F8-EE59-44CF-A40D-1A4ABD3AB26F}.Release|Win32.Build.0 = Release|Win32
	EndGlobalSection
	GlobalSection(SolutionProperties) = preSolution
		HideSolutionNode = FALSE
	EndGlobalSection
EndGlobal
